
Microsoft Visual Studio Solution File, Format Version 12.00
# Visual Studio Version 17
VisualStudioVersion = 17.0.31903.59
MinimumVisualStudioVersion = 10.0.40219.1
Project("{2150E333-8FDC-42A3-9474-1A3956D46DE8}") = "src", "src", "{827E0CD3-B72D-47B6-A68D-7590B98EB39B}"
EndProject
Project("{FAE04EC0-301F-11D3-BF4B-00C04F79EFBC}") = "Storage.Domain", "src\Storage.Domain\Storage.Domain.csproj", "{9905F6AD-D705-42C6-9BEB-4C63FFFAA987}"
EndProject
Project("{FAE04EC0-301F-11D3-BF4B-00C04F79EFBC}") = "Storage.Application", "src\Storage.Application\Storage.Application.csproj", "{86562AFD-0CED-4D24-85E0-C90B2E1FA573}"
EndProject
Project("{FAE04EC0-301F-11D3-BF4B-00C04F79EFBC}") = "Storage.Infrastructure.Persistence.SqlServer", "src\Storage.Infrastructure.Persistence.SqlServer\Storage.Infrastructure.Persistence.SqlServer.csproj", "{AF6338FA-98C9-4C9A-BAE0-89399E810E82}"
EndProject
Project("{FAE04EC0-301F-11D3-BF4B-00C04F79EFBC}") = "Storage.Infrastructure.Storage.Wasabi", "src\Storage.Infrastructure.Storage.Wasabi\Storage.Infrastructure.Storage.Wasabi.csproj", "{6915E23C-8B65-493F-9A8B-63A4A977BB1A}"
EndProject
Project("{FAE04EC0-301F-11D3-BF4B-00C04F79EFBC}") = "Storage.Infrastructure.Storage.AzureBlob", "src\Storage.Infrastructure.Storage.AzureBlob\Storage.Infrastructure.Storage.AzureBlob.csproj", "{C1B8FD9C-3254-4832-90B0-0A6FEFA85060}"
EndProject
Project("{FAE04EC0-301F-11D3-BF4B-00C04F79EFBC}") = "Storage.Infrastructure.Storage.FileSystem", "src\Storage.Infrastructure.Storage.FileSystem\Storage.Infrastructure.Storage.FileSystem.csproj", "{87C289C7-74A7-4A7F-96F9-81BDDCAFFA98}"
EndProject
Project("{FAE04EC0-301F-11D3-BF4B-00C04F79EFBC}") = "Storage.Infrastructure.Cache.Redis", "src\Storage.Infrastructure.Cache.Redis\Storage.Infrastructure.Cache.Redis.csproj", "{76458A08-A1A6-426E-A0EF-C4C91AE6406C}"
EndProject
Project("{FAE04EC0-301F-11D3-BF4B-00C04F79EFBC}") = "Storage.Infrastructure.Cache.InMemory", "src\Storage.Infrastructure.Cache.InMemory\Storage.Infrastructure.Cache.InMemory.csproj", "{494A84DA-EBBB-4170-ABFB-19499B1785F4}"
EndProject
Project("{FAE04EC0-301F-11D3-BF4B-00C04F79EFBC}") = "Storage.Infrastructure.Messaging.RabbitMQ", "src\Storage.Infrastructure.Messaging.RabbitMQ\Storage.Infrastructure.Messaging.RabbitMQ.csproj", "{7E3B1CCB-99B8-4794-8572-26DC009E7618}"
EndProject
Project("{FAE04EC0-301F-11D3-BF4B-00C04F79EFBC}") = "Storage.Infrastructure.Messaging.AzureServiceBus", "src\Storage.Infrastructure.Messaging.AzureServiceBus\Storage.Infrastructure.Messaging.AzureServiceBus.csproj", "{34FB3533-A489-46C5-B677-F86DBD9C5F6B}"
EndProject
Project("{FAE04EC0-301F-11D3-BF4B-00C04F79EFBC}") = "Storage.Sdk", "src\Storage.Sdk\Storage.Sdk.csproj", "{B0EF6378-D203-4DA6-B02C-521F11A71CA7}"
EndProject
Project("{FAE04EC0-301F-11D3-BF4B-00C04F79EFBC}") = "Storage.Api", "src\Storage.Api\Storage.Api.csproj", "{F1C93216-2EEF-42AF-9F58-C7EDADEDF01A}"
EndProject
Project("{FAE04EC0-301F-11D3-BF4B-00C04F79EFBC}") = "Storage.Gateway", "src\Storage.Gateway\Storage.Gateway.csproj", "{2C8E4043-0D2D-48F4-B827-33A4B7B3CBEB}"
EndProject
Project("{2150E333-8FDC-42A3-9474-1A3956D46DE8}") = "tests", "tests", "{0AB3BF05-4346-4AA6-1389-037BE0695223}"
EndProject
Project("{FAE04EC0-301F-11D3-BF4B-00C04F79EFBC}") = "Storage.Domain.Tests", "tests\Storage.Domain.Tests\Storage.Domain.Tests.csproj", "{A5245C87-697B-460E-B420-4AA3D92D627A}"
EndProject
Global
	GlobalSection(SolutionConfigurationPlatforms) = preSolution
		Debug|Any CPU = Debug|Any CPU
		Debug|x64 = Debug|x64
		Debug|x86 = Debug|x86
		Release|Any CPU = Release|Any CPU
		Release|x64 = Release|x64
		Release|x86 = Release|x86
	EndGlobalSection
	GlobalSection(ProjectConfigurationPlatforms) = postSolution
		{9905F6AD-D705-42C6-9BEB-4C63FFFAA987}.Debug|Any CPU.ActiveCfg = Debug|Any CPU
		{9905F6AD-D705-42C6-9BEB-4C63FFFAA987}.Debug|Any CPU.Build.0 = Debug|Any CPU
		{9905F6AD-D705-42C6-9BEB-4C63FFFAA987}.Debug|x64.ActiveCfg = Debug|Any CPU
		{9905F6AD-D705-42C6-9BEB-4C63FFFAA987}.Debug|x64.Build.0 = Debug|Any CPU
		{9905F6AD-D705-42C6-9BEB-4C63FFFAA987}.Debug|x86.ActiveCfg = Debug|Any CPU
		{9905F6AD-D705-42C6-9BEB-4C63FFFAA987}.Debug|x86.Build.0 = Debug|Any CPU
		{9905F6AD-D705-42C6-9BEB-4C63FFFAA987}.Release|Any CPU.ActiveCfg = Release|Any CPU
		{9905F6AD-D705-42C6-9BEB-4C63FFFAA987}.Release|Any CPU.Build.0 = Release|Any CPU
		{9905F6AD-D705-42C6-9BEB-4C63FFFAA987}.Release|x64.ActiveCfg = Release|Any CPU
		{9905F6AD-D705-42C6-9BEB-4C63FFFAA987}.Release|x64.Build.0 = Release|Any CPU
		{9905F6AD-D705-42C6-9BEB-4C63FFFAA987}.Release|x86.ActiveCfg = Release|Any CPU
		{9905F6AD-D705-42C6-9BEB-4C63FFFAA987}.Release|x86.Build.0 = Release|Any CPU
		{86562AFD-0CED-4D24-85E0-C90B2E1FA573}.Debug|Any CPU.ActiveCfg = Debug|Any CPU
		{86562AFD-0CED-4D24-85E0-C90B2E1FA573}.Debug|Any CPU.Build.0 = Debug|Any CPU
		{86562AFD-0CED-4D24-85E0-C90B2E1FA573}.Debug|x64.ActiveCfg = Debug|Any CPU
		{86562AFD-0CED-4D24-85E0-C90B2E1FA573}.Debug|x64.Build.0 = Debug|Any CPU
		{86562AFD-0CED-4D24-85E0-C90B2E1FA573}.Debug|x86.ActiveCfg = Debug|Any CPU
		{86562AFD-0CED-4D24-85E0-C90B2E1FA573}.Debug|x86.Build.0 = Debug|Any CPU
		{86562AFD-0CED-4D24-85E0-C90B2E1FA573}.Release|Any CPU.ActiveCfg = Release|Any CPU
		{86562AFD-0CED-4D24-85E0-C90B2E1FA573}.Release|Any CPU.Build.0 = Release|Any CPU
		{86562AFD-0CED-4D24-85E0-C90B2E1FA573}.Release|x64.ActiveCfg = Release|Any CPU
		{86562AFD-0CED-4D24-85E0-C90B2E1FA573}.Release|x64.Build.0 = Release|Any CPU
		{86562AFD-0CED-4D24-85E0-C90B2E1FA573}.Release|x86.ActiveCfg = Release|Any CPU
		{86562AFD-0CED-4D24-85E0-C90B2E1FA573}.Release|x86.Build.0 = Release|Any CPU
		{AF6338FA-98C9-4C9A-BAE0-89399E810E82}.Debug|Any CPU.ActiveCfg = Debug|Any CPU
		{AF6338FA-98C9-4C9A-BAE0-89399E810E82}.Debug|Any CPU.Build.0 = Debug|Any CPU
		{AF6338FA-98C9-4C9A-BAE0-89399E810E82}.Debug|x64.ActiveCfg = Debug|Any CPU
		{AF6338FA-98C9-4C9A-BAE0-89399E810E82}.Debug|x64.Build.0 = Debug|Any CPU
		{AF6338FA-98C9-4C9A-BAE0-89399E810E82}.Debug|x86.ActiveCfg = Debug|Any CPU
		{AF6338FA-98C9-4C9A-BAE0-89399E810E82}.Debug|x86.Build.0 = Debug|Any CPU
		{AF6338FA-98C9-4C9A-BAE0-89399E810E82}.Release|Any CPU.ActiveCfg = Release|Any CPU
		{AF6338FA-98C9-4C9A-BAE0-89399E810E82}.Release|Any CPU.Build.0 = Release|Any CPU
		{AF6338FA-98C9-4C9A-BAE0-89399E810E82}.Release|x64.ActiveCfg = Release|Any CPU
		{AF6338FA-98C9-4C9A-BAE0-89399E810E82}.Release|x64.Build.0 = Release|Any CPU
		{AF6338FA-98C9-4C9A-BAE0-89399E810E82}.Release|x86.ActiveCfg = Release|Any CPU
		{AF6338FA-98C9-4C9A-BAE0-89399E810E82}.Release|x86.Build.0 = Release|Any CPU
		{6915E23C-8B65-493F-9A8B-63A4A977BB1A}.Debug|Any CPU.ActiveCfg = Debug|Any CPU
		{6915E23C-8B65-493F-9A8B-63A4A977BB1A}.Debug|Any CPU.Build.0 = Debug|Any CPU
		{6915E23C-8B65-493F-9A8B-63A4A977BB1A}.Debug|x64.ActiveCfg = Debug|Any CPU
		{6915E23C-8B65-493F-9A8B-63A4A977BB1A}.Debug|x64.Build.0 = Debug|Any CPU
		{6915E23C-8B65-493F-9A8B-63A4A977BB1A}.Debug|x86.ActiveCfg = Debug|Any CPU
		{6915E23C-8B65-493F-9A8B-63A4A977BB1A}.Debug|x86.Build.0 = Debug|Any CPU
		{6915E23C-8B65-493F-9A8B-63A4A977BB1A}.Release|Any CPU.ActiveCfg = Release|Any CPU
		{6915E23C-8B65-493F-9A8B-63A4A977BB1A}.Release|Any CPU.Build.0 = Release|Any CPU
		{6915E23C-8B65-493F-9A8B-63A4A977BB1A}.Release|x64.ActiveCfg = Release|Any CPU
		{6915E23C-8B65-493F-9A8B-63A4A977BB1A}.Release|x64.Build.0 = Release|Any CPU
		{6915E23C-8B65-493F-9A8B-63A4A977BB1A}.Release|x86.ActiveCfg = Release|Any CPU
		{6915E23C-8B65-493F-9A8B-63A4A977BB1A}.Release|x86.Build.0 = Release|Any CPU
		{C1B8FD9C-3254-4832-90B0-0A6FEFA85060}.Debug|Any CPU.ActiveCfg = Debug|Any CPU
		{C1B8FD9C-3254-4832-90B0-0A6FEFA85060}.Debug|Any CPU.Build.0 = Debug|Any CPU
		{C1B8FD9C-3254-4832-90B0-0A6FEFA85060}.Debug|x64.ActiveCfg = Debug|Any CPU
		{C1B8FD9C-3254-4832-90B0-0A6FEFA85060}.Debug|x64.Build.0 = Debug|Any CPU
		{C1B8FD9C-3254-4832-90B0-0A6FEFA85060}.Debug|x86.ActiveCfg = Debug|Any CPU
		{C1B8FD9C-3254-4832-90B0-0A6FEFA85060}.Debug|x86.Build.0 = Debug|Any CPU
		{C1B8FD9C-3254-4832-90B0-0A6FEFA85060}.Release|Any CPU.ActiveCfg = Release|Any CPU
		{C1B8FD9C-3254-4832-90B0-0A6FEFA85060}.Release|Any CPU.Build.0 = Release|Any CPU
		{C1B8FD9C-3254-4832-90B0-0A6FEFA85060}.Release|x64.ActiveCfg = Release|Any CPU
		{C1B8FD9C-3254-4832-90B0-0A6FEFA85060}.Release|x64.Build.0 = Release|Any CPU
		{C1B8FD9C-3254-4832-90B0-0A6FEFA85060}.Release|x86.ActiveCfg = Release|Any CPU
		{C1B8FD9C-3254-4832-90B0-0A6FEFA85060}.Release|x86.Build.0 = Release|Any CPU
		{87C289C7-74A7-4A7F-96F9-81BDDCAFFA98}.Debug|Any CPU.ActiveCfg = Debug|Any CPU
		{87C289C7-74A7-4A7F-96F9-81BDDCAFFA98}.Debug|Any CPU.Build.0 = Debug|Any CPU
		{87C289C7-74A7-4A7F-96F9-81BDDCAFFA98}.Debug|x64.ActiveCfg = Debug|Any CPU
		{87C289C7-74A7-4A7F-96F9-81BDDCAFFA98}.Debug|x64.Build.0 = Debug|Any CPU
		{87C289C7-74A7-4A7F-96F9-81BDDCAFFA98}.Debug|x86.ActiveCfg = Debug|Any CPU
		{87C289C7-74A7-4A7F-96F9-81BDDCAFFA98}.Debug|x86.Build.0 = Debug|Any CPU
		{87C289C7-74A7-4A7F-96F9-81BDDCAFFA98}.Release|Any CPU.ActiveCfg = Release|Any CPU
		{87C289C7-74A7-4A7F-96F9-81BDDCAFFA98}.Release|Any CPU.Build.0 = Release|Any CPU
		{87C289C7-74A7-4A7F-96F9-81BDDCAFFA98}.Release|x64.ActiveCfg = Release|Any CPU
		{87C289C7-74A7-4A7F-96F9-81BDDCAFFA98}.Release|x64.Build.0 = Release|Any CPU
		{87C289C7-74A7-4A7F-96F9-81BDDCAFFA98}.Release|x86.ActiveCfg = Release|Any CPU
		{87C289C7-74A7-4A7F-96F9-81BDDCAFFA98}.Release|x86.Build.0 = Release|Any CPU
		{76458A08-A1A6-426E-A0EF-C4C91AE6406C}.Debug|Any CPU.ActiveCfg = Debug|Any CPU
		{76458A08-A1A6-426E-A0EF-C4C91AE6406C}.Debug|Any CPU.Build.0 = Debug|Any CPU
		{76458A08-A1A6-426E-A0EF-C4C91AE6406C}.Debug|x64.ActiveCfg = Debug|Any CPU
		{76458A08-A1A6-426E-A0EF-C4C91AE6406C}.Debug|x64.Build.0 = Debug|Any CPU
		{76458A08-A1A6-426E-A0EF-C4C91AE6406C}.Debug|x86.ActiveCfg = Debug|Any CPU
		{76458A08-A1A6-426E-A0EF-C4C91AE6406C}.Debug|x86.Build.0 = Debug|Any CPU
		{76458A08-A1A6-426E-A0EF-C4C91AE6406C}.Release|Any CPU.ActiveCfg = Release|Any CPU
		{76458A08-A1A6-426E-A0EF-C4C91AE6406C}.Release|Any CPU.Build.0 = Release|Any CPU
		{76458A08-A1A6-426E-A0EF-C4C91AE6406C}.Release|x64.ActiveCfg = Release|Any CPU
		{76458A08-A1A6-426E-A0EF-C4C91AE6406C}.Release|x64.Build.0 = Release|Any CPU
		{76458A08-A1A6-426E-A0EF-C4C91AE6406C}.Release|x86.ActiveCfg = Release|Any CPU
		{76458A08-A1A6-426E-A0EF-C4C91AE6406C}.Release|x86.Build.0 = Release|Any CPU
		{494A84DA-EBBB-4170-ABFB-19499B1785F4}.Debug|Any CPU.ActiveCfg = Debug|Any CPU
		{494A84DA-EBBB-4170-ABFB-19499B1785F4}.Debug|Any CPU.Build.0 = Debug|Any CPU
		{494A84DA-EBBB-4170-ABFB-19499B1785F4}.Debug|x64.ActiveCfg = Debug|Any CPU
		{494A84DA-EBBB-4170-ABFB-19499B1785F4}.Debug|x64.Build.0 = Debug|Any CPU
		{494A84DA-EBBB-4170-ABFB-19499B1785F4}.Debug|x86.ActiveCfg = Debug|Any CPU
		{494A84DA-EBBB-4170-ABFB-19499B1785F4}.Debug|x86.Build.0 = Debug|Any CPU
		{494A84DA-EBBB-4170-ABFB-19499B1785F4}.Release|Any CPU.ActiveCfg = Release|Any CPU
		{494A84DA-EBBB-4170-ABFB-19499B1785F4}.Release|Any CPU.Build.0 = Release|Any CPU
		{494A84DA-EBBB-4170-ABFB-19499B1785F4}.Release|x64.ActiveCfg = Release|Any CPU
		{494A84DA-EBBB-4170-ABFB-19499B1785F4}.Release|x64.Build.0 = Release|Any CPU
		{494A84DA-EBBB-4170-ABFB-19499B1785F4}.Release|x86.ActiveCfg = Release|Any CPU
		{494A84DA-EBBB-4170-ABFB-19499B1785F4}.Release|x86.Build.0 = Release|Any CPU
		{7E3B1CCB-99B8-4794-8572-26DC009E7618}.Debug|Any CPU.ActiveCfg = Debug|Any CPU
		{7E3B1CCB-99B8-4794-8572-26DC009E7618}.Debug|Any CPU.Build.0 = Debug|Any CPU
		{7E3B1CCB-99B8-4794-8572-26DC009E7618}.Debug|x64.ActiveCfg = Debug|Any CPU
		{7E3B1CCB-99B8-4794-8572-26DC009E7618}.Debug|x64.Build.0 = Debug|Any CPU
		{7E3B1CCB-99B8-4794-8572-26DC009E7618}.Debug|x86.ActiveCfg = Debug|Any CPU
		{7E3B1CCB-99B8-4794-8572-26DC009E7618}.Debug|x86.Build.0 = Debug|Any CPU
		{7E3B1CCB-99B8-4794-8572-26DC009E7618}.Release|Any CPU.ActiveCfg = Release|Any CPU
		{7E3B1CCB-99B8-4794-8572-26DC009E7618}.Release|Any CPU.Build.0 = Release|Any CPU
		{7E3B1CCB-99B8-4794-8572-26DC009E7618}.Release|x64.ActiveCfg = Release|Any CPU
		{7E3B1CCB-99B8-4794-8572-26DC009E7618}.Release|x64.Build.0 = Release|Any CPU
		{7E3B1CCB-99B8-4794-8572-26DC009E7618}.Release|x86.ActiveCfg = Release|Any CPU
		{7E3B1CCB-99B8-4794-8572-26DC009E7618}.Release|x86.Build.0 = Release|Any CPU
		{34FB3533-A489-46C5-B677-F86DBD9C5F6B}.Debug|Any CPU.ActiveCfg = Debug|Any CPU
		{34FB3533-A489-46C5-B677-F86DBD9C5F6B}.Debug|Any CPU.Build.0 = Debug|Any CPU
		{34FB3533-A489-46C5-B677-F86DBD9C5F6B}.Debug|x64.ActiveCfg = Debug|Any CPU
		{34FB3533-A489-46C5-B677-F86DBD9C5F6B}.Debug|x64.Build.0 = Debug|Any CPU
		{34FB3533-A489-46C5-B677-F86DBD9C5F6B}.Debug|x86.ActiveCfg = Debug|Any CPU
		{34FB3533-A489-46C5-B677-F86DBD9C5F6B}.Debug|x86.Build.0 = Debug|Any CPU
		{34FB3533-A489-46C5-B677-F86DBD9C5F6B}.Release|Any CPU.ActiveCfg = Release|Any CPU
		{34FB3533-A489-46C5-B677-F86DBD9C5F6B}.Release|Any CPU.Build.0 = Release|Any CPU
		{34FB3533-A489-46C5-B677-F86DBD9C5F6B}.Release|x64.ActiveCfg = Release|Any CPU
		{34FB3533-A489-46C5-B677-F86DBD9C5F6B}.Release|x64.Build.0 = Release|Any CPU
		{34FB3533-A489-46C5-B677-F86DBD9C5F6B}.Release|x86.ActiveCfg = Release|Any CPU
		{34FB3533-A489-46C5-B677-F86DBD9C5F6B}.Release|x86.Build.0 = Release|Any CPU
		{B0EF6378-D203-4DA6-B02C-521F11A71CA7}.Debug|Any CPU.ActiveCfg = Debug|Any CPU
		{B0EF6378-D203-4DA6-B02C-521F11A71CA7}.Debug|Any CPU.Build.0 = Debug|Any CPU
		{B0EF6378-D203-4DA6-B02C-521F11A71CA7}.Debug|x64.ActiveCfg = Debug|Any CPU
		{B0EF6378-D203-4DA6-B02C-521F11A71CA7}.Debug|x64.Build.0 = Debug|Any CPU
		{B0EF6378-D203-4DA6-B02C-521F11A71CA7}.Debug|x86.ActiveCfg = Debug|Any CPU
		{B0EF6378-D203-4DA6-B02C-521F11A71CA7}.Debug|x86.Build.0 = Debug|Any CPU
		{B0EF6378-D203-4DA6-B02C-521F11A71CA7}.Release|Any CPU.ActiveCfg = Release|Any CPU
		{B0EF6378-D203-4DA6-B02C-521F11A71CA7}.Release|Any CPU.Build.0 = Release|Any CPU
		{B0EF6378-D203-4DA6-B02C-521F11A71CA7}.Release|x64.ActiveCfg = Release|Any CPU
		{B0EF6378-D203-4DA6-B02C-521F11A71CA7}.Release|x64.Build.0 = Release|Any CPU
		{B0EF6378-D203-4DA6-B02C-521F11A71CA7}.Release|x86.ActiveCfg = Release|Any CPU
		{B0EF6378-D203-4DA6-B02C-521F11A71CA7}.Release|x86.Build.0 = Release|Any CPU
		{F1C93216-2EEF-42AF-9F58-C7EDADEDF01A}.Debug|Any CPU.ActiveCfg = Debug|Any CPU
		{F1C93216-2EEF-42AF-9F58-C7EDADEDF01A}.Debug|Any CPU.Build.0 = Debug|Any CPU
		{F1C93216-2EEF-42AF-9F58-C7EDADEDF01A}.Debug|x64.ActiveCfg = Debug|Any CPU
		{F1C93216-2EEF-42AF-9F58-C7EDADEDF01A}.Debug|x64.Build.0 = Debug|Any CPU
		{F1C93216-2EEF-42AF-9F58-C7EDADEDF01A}.Debug|x86.ActiveCfg = Debug|Any CPU
		{F1C93216-2EEF-42AF-9F58-C7EDADEDF01A}.Debug|x86.Build.0 = Debug|Any CPU
		{F1C93216-2EEF-42AF-9F58-C7EDADEDF01A}.Release|Any CPU.ActiveCfg = Release|Any CPU
		{F1C93216-2EEF-42AF-9F58-C7EDADEDF01A}.Release|Any CPU.Build.0 = Release|Any CPU
		{F1C93216-2EEF-42AF-9F58-C7EDADEDF01A}.Release|x64.ActiveCfg = Release|Any CPU
		{F1C93216-2EEF-42AF-9F58-C7EDADEDF01A}.Release|x64.Build.0 = Release|Any CPU
		{F1C93216-2EEF-42AF-9F58-C7EDADEDF01A}.Release|x86.ActiveCfg = Release|Any CPU
		{F1C93216-2EEF-42AF-9F58-C7EDADEDF01A}.Release|x86.Build.0 = Release|Any CPU
		{2C8E4043-0D2D-48F4-B827-33A4B7B3CBEB}.Debug|Any CPU.ActiveCfg = Debug|Any CPU
		{2C8E4043-0D2D-48F4-B827-33A4B7B3CBEB}.Debug|Any CPU.Build.0 = Debug|Any CPU
		{2C8E4043-0D2D-48F4-B827-33A4B7B3CBEB}.Debug|x64.ActiveCfg = Debug|Any CPU
		{2C8E4043-0D2D-48F4-B827-33A4B7B3CBEB}.Debug|x64.Build.0 = Debug|Any CPU
		{2C8E4043-0D2D-48F4-B827-33A4B7B3CBEB}.Debug|x86.ActiveCfg = Debug|Any CPU
		{2C8E4043-0D2D-48F4-B827-33A4B7B3CBEB}.Debug|x86.Build.0 = Debug|Any CPU
		{2C8E4043-0D2D-48F4-B827-33A4B7B3CBEB}.Release|Any CPU.ActiveCfg = Release|Any CPU
		{2C8E4043-0D2D-48F4-B827-33A4B7B3CBEB}.Release|Any CPU.Build.0 = Release|Any CPU
		{2C8E4043-0D2D-48F4-B827-33A4B7B3CBEB}.Release|x64.ActiveCfg = Release|Any CPU
		{2C8E4043-0D2D-48F4-B827-33A4B7B3CBEB}.Release|x64.Build.0 = Release|Any CPU
		{2C8E4043-0D2D-48F4-B827-33A4B7B3CBEB}.Release|x86.ActiveCfg = Release|Any CPU
		{2C8E4043-0D2D-48F4-B827-33A4B7B3CBEB}.Release|x86.Build.0 = Release|Any CPU
		{A5245C87-697B-460E-B420-4AA3D92D627A}.Debug|Any CPU.ActiveCfg = Debug|Any CPU
		{A5245C87-697B-460E-B420-4AA3D92D627A}.Debug|Any CPU.Build.0 = Debug|Any CPU
		{A5245C87-697B-460E-B420-4AA3D92D627A}.Debug|x64.ActiveCfg = Debug|Any CPU
		{A5245C87-697B-460E-B420-4AA3D92D627A}.Debug|x64.Build.0 = Debug|Any CPU
		{A5245C87-697B-460E-B420-4AA3D92D627A}.Debug|x86.ActiveCfg = Debug|Any CPU
		{A5245C87-697B-460E-B420-4AA3D92D627A}.Debug|x86.Build.0 = Debug|Any CPU
		{A5245C87-697B-460E-B420-4AA3D92D627A}.Release|Any CPU.ActiveCfg = Release|Any CPU
		{A5245C87-697B-460E-B420-4AA3D92D627A}.Release|Any CPU.Build.0 = Release|Any CPU
		{A5245C87-697B-460E-B420-4AA3D92D627A}.Release|x64.ActiveCfg = Release|Any CPU
		{A5245C87-697B-460E-B420-4AA3D92D627A}.Release|x64.Build.0 = Release|Any CPU
		{A5245C87-697B-460E-B420-4AA3D92D627A}.Release|x86.ActiveCfg = Release|Any CPU
		{A5245C87-697B-460E-B420-4AA3D92D627A}.Release|x86.Build.0 = Release|Any CPU
	EndGlobalSection
	GlobalSection(SolutionProperties) = preSolution
		HideSolutionNode = FALSE
	EndGlobalSection
	GlobalSection(NestedProjects) = preSolution
		{9905F6AD-D705-42C6-9BEB-4C63FFFAA987} = {827E0CD3-B72D-47B6-A68D-7590B98EB39B}
		{86562AFD-0CED-4D24-85E0-C90B2E1FA573} = {827E0CD3-B72D-47B6-A68D-7590B98EB39B}
		{AF6338FA-98C9-4C9A-BAE0-89399E810E82} = {827E0CD3-B72D-47B6-A68D-7590B98EB39B}
		{6915E23C-8B65-493F-9A8B-63A4A977BB1A} = {827E0CD3-B72D-47B6-A68D-7590B98EB39B}
		{C1B8FD9C-3254-4832-90B0-0A6FEFA85060} = {827E0CD3-B72D-47B6-A68D-7590B98EB39B}
		{87C289C7-74A7-4A7F-96F9-81BDDCAFFA98} = {827E0CD3-B72D-47B6-A68D-7590B98EB39B}
		{76458A08-A1A6-426E-A0EF-C4C91AE6406C} = {827E0CD3-B72D-47B6-A68D-7590B98EB39B}
		{494A84DA-EBBB-4170-ABFB-19499B1785F4} = {827E0CD3-B72D-47B6-A68D-7590B98EB39B}
		{7E3B1CCB-99B8-4794-8572-26DC009E7618} = {827E0CD3-B72D-47B6-A68D-7590B98EB39B}
		{34FB3533-A489-46C5-B677-F86DBD9C5F6B} = {827E0CD3-B72D-47B6-A68D-7590B98EB39B}
		{B0EF6378-D203-4DA6-B02C-521F11A71CA7} = {827E0CD3-B72D-47B6-A68D-7590B98EB39B}
		{F1C93216-2EEF-42AF-9F58-C7EDADEDF01A} = {827E0CD3-B72D-47B6-A68D-7590B98EB39B}
		{2C8E4043-0D2D-48F4-B827-33A4B7B3CBEB} = {827E0CD3-B72D-47B6-A68D-7590B98EB39B}
		{A5245C87-697B-460E-B420-4AA3D92D627A} = {0AB3BF05-4346-4AA6-1389-037BE0695223}
	EndGlobalSection
EndGlobal
